// !$*UTF8*$!
{
	archiveVersion = 1;
	classes = {
	};
	objectVersion = 46;
	objects = {

/* Begin PBXBuildFile section */
		EED973861DD83B6B00781122 /* AppDelegate.swift in Sources */ = {isa = PBXBuildFile; fileRef = EED973851DD83B6B00781122 /* AppDelegate.swift */; };
		EED973881DD83B6B00781122 /* ViewController.swift in Sources */ = {isa = PBXBuildFile; fileRef = EED973871DD83B6B00781122 /* ViewController.swift */; };
		EED9738B1DD83B6B00781122 /* Main.storyboard in Resources */ = {isa = PBXBuildFile; fileRef = EED973891DD83B6B00781122 /* Main.storyboard */; };
		EED9738D1DD83B6B00781122 /* Assets.xcassets in Resources */ = {isa = PBXBuildFile; fileRef = EED9738C1DD83B6B00781122 /* Assets.xcassets */; };
		EED973901DD83B6B00781122 /* LaunchScreen.storyboard in Resources */ = {isa = PBXBuildFile; fileRef = EED9738E1DD83B6B00781122 /* LaunchScreen.storyboard */; };
/* End PBXBuildFile section */

/* Begin PBXFileReference section */
		EED973821DD83B6B00781122 /* RewriteWeibo.app */ = {isa = PBXFileReference; explicitFileType = wrapper.application; includeInIndex = 0; path = RewriteWeibo.app; sourceTree = BUILT_PRODUCTS_DIR; };
		EED973851DD83B6B00781122 /* AppDelegate.swift */ = {isa = PBXFileReference; lastKnownFileType = sourcecode.swift; path = AppDelegate.swift; sourceTree = "<group>"; };
		EED973871DD83B6B00781122 /* ViewController.swift */ = {isa = PBXFileReference; lastKnownFileType = sourcecode.swift; path = ViewController.swift; sourceTree = "<group>"; };
		EED9738A1DD83B6B00781122 /* Base */ = {isa = PBXFileReference; lastKnownFileType = file.storyboard; name = Base; path = Base.lproj/Main.storyboard; sourceTree = "<group>"; };
		EED9738C1DD83B6B00781122 /* Assets.xcassets */ = {isa = PBXFileReference; lastKnownFileType = folder.assetcatalog; path = Assets.xcassets; sourceTree = "<group>"; };
		EED9738F1DD83B6B00781122 /* Base */ = {isa = PBXFileReference; lastKnownFileType = file.storyboard; name = Base; path = Base.lproj/LaunchScreen.storyboard; sourceTree = "<group>"; };
		EED973911DD83B6B00781122 /* Info.plist */ = {isa = PBXFileReference; lastKnownFileType = text.plist.xml; path = Info.plist; sourceTree = "<group>"; };
/* End PBXFileReference section */

/* Begin PBXFrameworksBuildPhase section */
		EED9737F1DD83B6B00781122 /* Frameworks */ = {
			isa = PBXFrameworksBuildPhase;
			buildActionMask = 2147483647;
			files = (
			);
			runOnlyForDeploymentPostprocessing = 0;
		};
/* End PBXFrameworksBuildPhase section */

/* Begin PBXGroup section */
		EED973791DD83B6B00781122 = {
			isa = PBXGroup;
			children = (
				EED973841DD83B6B00781122 /* RewriteWeibo */,
				EED973831DD83B6B00781122 /* Products */,
			);
			sourceTree = "<group>";
		};
		EED973831DD83B6B00781122 /* Products */ = {
			isa = PBXGroup;
			children = (
				EED973821DD83B6B00781122 /* RewriteWeibo.app */,
			);
			name = Products;
			sourceTree = "<group>";
		};
		EED973841DD83B6B00781122 /* RewriteWeibo */ = {
			isa = PBXGroup;
			children = (
				EED973851DD83B6B00781122 /* AppDelegate.swift */,
				EED973871DD83B6B00781122 /* ViewController.swift */,
				EED973891DD83B6B00781122 /* Main.storyboard */,
				EED9738C1DD83B6B00781122 /* Assets.xcassets */,
				EED9738E1DD83B6B00781122 /* LaunchScreen.storyboard */,
				EED973911DD83B6B00781122 /* Info.plist */,
			);
			path = RewriteWeibo;
			sourceTree = "<group>";
		};
/* End PBXGroup section */

/* Begin PBXNativeTarget section */
		EED973811DD83B6B00781122 /* RewriteWeibo */ = {
			isa = PBXNativeTarget;
			buildConfigurationList = EED973941DD83B6B00781122 /* Build configuration list for PBXNativeTarget "RewriteWeibo" */;
			buildPhases = (
				EED9737E1DD83B6B00781122 /* Sources */,
				EED9737F1DD83B6B00781122 /* Frameworks */,
				EED973801DD83B6B00781122 /* Resources */,
			);
			buildRules = (
			);
			dependencies = (
			);
			name = RewriteWeibo;
			productName = RewriteWeibo;
			productReference = EED973821DD83B6B00781122 /* RewriteWeibo.app */;
			productType = "com.apple.product-type.application";
		};
/* End PBXNativeTarget section */

/* Begin PBXProject section */
		EED9737A1DD83B6B00781122 /* Project object */ = {
			isa = PBXProject;
			attributes = {
				LastSwiftUpdateCheck = 0710;
				LastUpgradeCheck = 0710;
				ORGANIZATIONNAME = kangkang;
				TargetAttributes = {
					EED973811DD83B6B00781122 = {
						CreatedOnToolsVersion = 7.1.1;
					};
				};
			};
			buildConfigurationList = EED9737D1DD83B6B00781122 /* Build configuration list for PBXProject "RewriteWeibo" */;
			compatibilityVersion = "Xcode 3.2";
			developmentRegion = English;
			hasScannedForEncodings = 0;
			knownRegions = (
				en,
				Base,
			);
			mainGroup = EED973791DD83B6B00781122;
			productRefGroup = EED973831DD83B6B00781122 /* Products */;
			projectDirPath = "";
			projectRoot = "";
			targets = (
				EED973811DD83B6B00781122 /* RewriteWeibo */,
			);
		};
/* End PBXProject section */

/* Begin PBXResourcesBuildPhase section */
		EED973801DD83B6B00781122 /* Resources */ = {
			isa = PBXResourcesBuildPhase;
			buildActionMask = 2147483647;
			files = (
				EED973901DD83B6B00781122 /* LaunchScreen.storyboard in Resources */,
				EED9738D1DD83B6B00781122 /* Assets.xcassets in Resources */,
				EED9738B1DD83B6B00781122 /* Main.storyboard in Resources */,
			);
			runOnlyForDeploymentPostprocessing = 0;
		};
/* End PBXResourcesBuildPhase section */

/* Begin PBXSourcesBuildPhase section */
		EED9737E1DD83B6B00781122 /* Sources */ = {
			isa = PBXSourcesBuildPhase;
			buildActionMask = 2147483647;
			files = (
				EED973881DD83B6B00781122 /* ViewController.swift in Sources */,
				EED973861DD83B6B00781122 /* AppDelegate.swift in Sources */,
			);
			runOnlyForDeploymentPostprocessing = 0;
		};
/* End PBXSourcesBuildPhase section */

/* Begin PBXVariantGroup section */
		EED973891DD83B6B00781122 /* Main.storyboard */ = {
			isa = PBXVariantGroup;
			children = (
				EED9738A1DD83B6B00781122 /* Base */,
			);
			name = Main.storyboard;
			sourceTree = "<group>";
		};
		EED9738E1DD83B6B00781122 /* LaunchScreen.storyboard */ = {
			isa = PBXVariantGroup;
			children = (
				EED9738F1DD83B6B00781122 /* Base */,
			);
			name = LaunchScreen.storyboard;
			sourceTree = "<group>";
		};
/* End PBXVariantGroup section */

/* Begin XCBuildConfiguration section */
		EED973921DD83B6B00781122 /* Debug */ = {
			isa = XCBuildConfiguration;
			buildSettings = {
				ALWAYS_SEARCH_USER_PATHS = NO;
				CLANG_CXX_LANGUAGE_STANDARD = "gnu++0x";
				CLANG_CXX_LIBRARY = "libc++";
				CLANG_ENABLE_MODULES = YES;
				CLANG_ENABLE_OBJC_ARC = YES;
				CLANG_WARN_BOOL_CONVERSION = YES;
				CLANG_WARN_CONSTANT_CONVERSION = YES;
				CLANG_WARN_DIRECT_OBJC_ISA_USAGE = YES_ERROR;
				CLANG_WARN_EMPTY_BODY = YES;
				CLANG_WARN_ENUM_CONVERSION = YES;
				CLANG_WARN_INT_CONVERSION = YES;
				CLANG_WARN_OBJC_ROOT_CLASS = YES_ERROR;
				CLANG_WARN_UNREACHABLE_CODE = YES;
				CLANG_WARN__DUPLICATE_METHOD_MATCH = YES;
				"CODE_SIGN_IDENTITY[sdk=iphoneos*]" = "iPhone Developer";
				COPY_PHASE_STRIP = NO;
				DEBUG_INFORMATION_FORMAT = dwarf;
				ENABLE_STRICT_OBJC_MSGSEND = YES;
				ENABLE_TESTABILITY = YES;
				GCC_C_LANGUAGE_STANDARD = gnu99;
				GCC_DYNAMIC_NO_PIC = NO;
				GCC_NO_COMMON_BLOCKS = YES;
				GCC_OPTIMIZATION_LEVEL = 0;
				GCC_PREPROCESSOR_DEFINITIONS = (
					"DEBUG=1",
					"$(inherited)",
				);
				GCC_WARN_64_TO_32_BIT_CONVERSION = YES;
				GCC_WARN_ABOUT_RETURN_TYPE = YES_ERROR;
				GCC_WARN_UNDECLARED_SELECTOR = YES;
				GCC_WARN_UNINITIALIZED_AUTOS = YES_AGGRESSIVE;
				GCC_WARN_UNUSED_FUNCTION = YES;
				GCC_WARN_UNUSED_VARIABLE = YES;
				IPHONEOS_DEPLOYMENT_TARGET = 9.1;
				MTL_ENABLE_DEBUG_INFO = YES;
				ONLY_ACTIVE_ARCH = YES;
				SDKROOT = iphoneos;
				SWIFT_OPTIMIZATION_LEVEL = "-Onone";
			};
			name = Debug;
		};
		EED973931DD83B6B00781122 /* Release */ = {
			isa = XCBuildConfiguration;
			buildSettings = {
				ALWAYS_SEARCH_USER_PATHS = NO;
				CLANG_CXX_LANGUAGE_STANDARD = "gnu++0x";
				CLANG_CXX_LIBRARY = "libc++";
				CLANG_ENABLE_MODULES = YES;
				CLANG_ENABLE_OBJC_ARC = YES;
				CLANG_WARN_BOOL_CONVERSION = YES;
				CLANG_WARN_CONSTANT_CONVERSION = YES;
				CLANG_WARN_DIRECT_OBJC_ISA_USAGE = YES_ERROR;
				CLANG_WARN_EMPTY_BODY = YES;
				CLANG_WARN_ENUM_CONVERSION = YES;
				CLANG_WARN_INT_CONVERSION = YES;
				CLANG_WARN_OBJC_ROOT_CLASS = YES_ERROR;
				CLANG_WARN_UNREACHABLE_CODE = YES;
				CLANG_WARN__DUPLICATE_METHOD_MATCH = YES;
				"CODE_SIGN_IDENTITY[sdk=iphoneos*]" = "iPhone Developer";
				COPY_PHASE_STRIP = NO;
				DEBUG_INFORMATION_FORMAT = "dwarf-with-dsym";
				ENABLE_NS_ASSERTIONS = NO;
				ENABLE_STRICT_OBJC_MSGSEND = YES;
				GCC_C_LANGUAGE_STANDARD = gnu99;
				GCC_NO_COMMON_BLOCKS = YES;
				GCC_WARN_64_TO_32_BIT_CONVERSION = YES;
				GCC_WARN_ABOUT_RETURN_TYPE = YES_ERROR;
				GCC_WARN_UNDECLARED_SELECTOR = YES;
				GCC_WARN_UNINITIALIZED_AUTOS = YES_AGGRESSIVE;
				GCC_WARN_UNUSED_FUNCTION = YES;
				GCC_WARN_UNUSED_VARIABLE = YES;
				IPHONEOS_DEPLOYMENT_TARGET = 9.1;
				MTL_ENABLE_DEBUG_INFO = NO;
				SDKROOT = iphoneos;
				VALIDATE_PRODUCT = YES;
			};
			name = Release;
		};
		EED973951DD83B6B00781122 /* Debug */ = {
			isa = XCBuildConfiguration;
			buildSettings = {
				ASSETCATALOG_COMPILER_APPICON_NAME = AppIcon;
				INFOPLIST_FILE = RewriteWeibo/Info.plist;
				LD_RUNPATH_SEARCH_PATHS = "$(inherited) @executable_path/Frameworks";
				PRODUCT_BUNDLE_IDENTIFIER = com.shennongshi.dingdong.RewriteWeibo;
				PRODUCT_NAME = "$(TARGET_NAME)";
			};
			name = Debug;
		};
		EED973961DD83B6B00781122 /* Release */ = {
			isa = XCBuildConfiguration;
			buildSettings = {
				ASSETCATALOG_COMPILER_APPICON_NAME = AppIcon;
				INFOPLIST_FILE = RewriteWeibo/Info.plist;
				LD_RUNPATH_SEARCH_PATHS = "$(inherited) @executable_path/Frameworks";
				PRODUCT_BUNDLE_IDENTIFIER = com.shennongshi.dingdong.RewriteWeibo;
				PRODUCT_NAME = "$(TARGET_NAME)";
			};
			name = Release;
		};
/* End XCBuildConfiguration section */

/* Begin XCConfigurationList section */
		EED9737D1DD83B6B00781122 /* Build configuration list for PBXProject "RewriteWeibo" */ = {
			isa = XCConfigurationList;
			buildConfigurations = (
				EED973921DD83B6B00781122 /* Debug */,
				EED973931DD83B6B00781122 /* Release */,
			);
			defaultConfigurationIsVisible = 0;
			defaultConfigurationName = Release;
		};
		EED973941DD83B6B00781122 /* Build configuration list for PBXNativeTarget "RewriteWeibo" */ = {
			isa = XCConfigurationList;
			buildConfigurations = (
				EED973951DD83B6B00781122 /* Debug */,
				EED973961DD83B6B00781122 /* Release */,
			);
			defaultConfigurationIsVisible = 0;
		};
/* End XCConfigurationList section */
	};
	rootObject = EED9737A1DD83B6B00781122 /* Project object */;
}
